
Microsoft Visual Studio Solution File, Format Version 11.00
# Visual Studio 2010
Project("{8BC9CEB8-8B4A-11D0-8D11-00A0C91BC942}") = "CameraEasy", "CameraEasy\CameraEasy.vcxproj", "{BDA1AD89-BCC2-41B7-A1B9-9040BB411F10}"
EndProject
Project("{8BC9CEB8-8B4A-11D0-8D11-00A0C91BC942}") = "Process", "Process\Process.vcxproj", "{57ECAD7F-E3A6-4196-810E-2F0D8A1F3250}"
EndProject
Project("{8BC9CEB8-8B4A-11D0-8D11-00A0C91BC942}") = "ProcessBig", "ProcessBig\ProcessBig.vcxproj", "{46886A48-90FD-4820-9AE6-38BAC746765F}"
EndProject
Project("{8BC9CEB8-8B4A-11D0-8D11-00A0C91BC942}") = "TrackTheCar", "TrackTheCar\TrackTheCar.vcxproj", "{5C8EA13E-B0CF-4661-9786-A7B8AD41E95C}"
EndProject
Project("{8BC9CEB8-8B4A-11D0-8D11-00A0C91BC942}") = "M16", "M16\M16.vcxproj", "{7A53D81A-6C0F-43A2-9C6D-AF5619BF1680}"
EndProject
Global
	GlobalSection(SolutionConfigurationPlatforms) = preSolution
		Debug|Win32 = Debug|Win32
		Release|Win32 = Release|Win32
	EndGlobalSection
	GlobalSection(ProjectConfigurationPlatforms) = postSolution
		{BDA1AD89-BCC2-41B7-A1B9-9040BB411F10}.Debug|Win32.ActiveCfg = Debug|Win32
		{BDA1AD89-BCC2-41B7-A1B9-9040BB411F10}.Debug|Win32.Build.0 = Debug|Win32
		{BDA1AD89-BCC2-41B7-A1B9-9040BB411F10}.Release|Win32.ActiveCfg = Release|Win32
		{BDA1AD89-BCC2-41B7-A1B9-9040BB411F10}.Release|Win32.Build.0 = Release|Win32
		{57ECAD7F-E3A6-4196-810E-2F0D8A1F3250}.Debug|Win32.ActiveCfg = Debug|Win32
		{57ECAD7F-E3A6-4196-810E-2F0D8A1F3250}.Debug|Win32.Build.0 = Debug|Win32
		{57ECAD7F-E3A6-4196-810E-2F0D8A1F3250}.Release|Win32.ActiveCfg = Release|Win32
		{57ECAD7F-E3A6-4196-810E-2F0D8A1F3250}.Release|Win32.Build.0 = Release|Win32
		{46886A48-90FD-4820-9AE6-38BAC746765F}.Debug|Win32.ActiveCfg = Debug|Win32
		{46886A48-90FD-4820-9AE6-38BAC746765F}.Debug|Win32.Build.0 = Debug|Win32
		{46886A48-90FD-4820-9AE6-38BAC746765F}.Release|Win32.ActiveCfg = Release|Win32
		{46886A48-90FD-4820-9AE6-38BAC746765F}.Release|Win32.Build.0 = Release|Win32
		{5C8EA13E-B0CF-4661-9786-A7B8AD41E95C}.Debug|Win32.ActiveCfg = Debug|Win32
		{5C8EA13E-B0CF-4661-9786-A7B8AD41E95C}.Debug|Win32.Build.0 = Debug|Win32
		{5C8EA13E-B0CF-4661-9786-A7B8AD41E95C}.Release|Win32.ActiveCfg = Release|Win32
		{5C8EA13E-B0CF-4661-9786-A7B8AD41E95C}.Release|Win32.Build.0 = Release|Win32
		{7A53D81A-6C0F-43A2-9C6D-AF5619BF1680}.Debug|Win32.ActiveCfg = Debug|Win32
		{7A53D81A-6C0F-43A2-9C6D-AF5619BF1680}.Debug|Win32.Build.0 = Debug|Win32
		{7A53D81A-6C0F-43A2-9C6D-AF5619BF1680}.Release|Win32.ActiveCfg = Release|Win32
		{7A53D81A-6C0F-43A2-9C6D-AF5619BF1680}.Release|Win32.Build.0 = Release|Win32
	EndGlobalSection
	GlobalSection(SolutionProperties) = preSolution
		HideSolutionNode = FALSE
	EndGlobalSection
EndGlobal
